
Microsoft Visual Studio Solution File, Format Version 12.00
# Visual Studio Version 16
VisualStudioVersion = 16.0.28407.52
MinimumVisualStudioVersion = 10.0.40219.1
Project("{FAE04EC0-301F-11D3-BF4B-00C04F79EFBC}") = "Tradfri", "Tradfri\Tradfri.csproj", "{6B39A6D0-ADF6-4C55-9AEF-00EFE63141C0}"
EndProject
Global
	GlobalSection(SolutionConfigurationPlatforms) = preSolution
		Debug|Any CPU = Debug|Any CPU
		Release|Any CPU = Release|Any CPU
	EndGlobalSection
	GlobalSection(ProjectConfigurationPlatforms) = postSolution
		{6B39A6D0-ADF6-4C55-9AEF-00EFE63141C0}.Debug|Any CPU.ActiveCfg = Debug|Any CPU
		{6B39A6D0-ADF6-4C55-9AEF-00EFE63141C0}.Debug|Any CPU.Build.0 = Debug|Any CPU
		{6B39A6D0-ADF6-4C55-9AEF-00EFE63141C0}.Release|Any CPU.ActiveCfg = Release|Any CPU
		{6B39A6D0-ADF6-4C55-9AEF-00EFE63141C0}.Release|Any CPU.Build.0 = Release|Any CPU
	EndGlobalSection
	GlobalSection(SolutionProperties) = preSolution
		HideSolutionNode = FALSE
	EndGlobalSection
	GlobalSection(ExtensibilityGlobals) = postSolution
		SolutionGuid = {D4981C63-C624-40AA-BF7C-68D88FD08E92}
	EndGlobalSection
EndGlobal
