
Microsoft Visual Studio Solution File, Format Version 12.00
# Visual Studio 14
VisualStudioVersion = 14.0.25420.1
MinimumVisualStudioVersion = 10.0.40219.1
Project("{FAE04EC0-301F-11D3-BF4B-00C04F79EFBC}") = "TradFriLibrary", "TradFriLibrary\TradFriLibrary.csproj", "{616F8CF2-54B5-411C-9D13-6AA6DFDDA394}"
EndProject
Project("{FAE04EC0-301F-11D3-BF4B-00C04F79EFBC}") = "TradFriGui", "TradFriGui\TradFriGui.csproj", "{511048CF-E8E2-4804-BE0B-FF0E01943A45}"
EndProject
Project("{2150E333-8FDC-42A3-9474-1A3956D46DE8}") = "Solution Items", "Solution Items", "{A7EE7CD3-A53E-4777-8C2A-FA0E03717D54}"
	ProjectSection(SolutionItems) = preProject
		appveyor.yml = appveyor.yml
	EndProjectSection
EndProject
Global
	GlobalSection(SolutionConfigurationPlatforms) = preSolution
		Debug|Any CPU = Debug|Any CPU
		Release|Any CPU = Release|Any CPU
	EndGlobalSection
	GlobalSection(ProjectConfigurationPlatforms) = postSolution
		{616F8CF2-54B5-411C-9D13-6AA6DFDDA394}.Debug|Any CPU.ActiveCfg = Debug|Any CPU
		{616F8CF2-54B5-411C-9D13-6AA6DFDDA394}.Debug|Any CPU.Build.0 = Debug|Any CPU
		{616F8CF2-54B5-411C-9D13-6AA6DFDDA394}.Release|Any CPU.ActiveCfg = Release|Any CPU
		{616F8CF2-54B5-411C-9D13-6AA6DFDDA394}.Release|Any CPU.Build.0 = Release|Any CPU
		{511048CF-E8E2-4804-BE0B-FF0E01943A45}.Debug|Any CPU.ActiveCfg = Debug|Any CPU
		{511048CF-E8E2-4804-BE0B-FF0E01943A45}.Debug|Any CPU.Build.0 = Debug|Any CPU
		{511048CF-E8E2-4804-BE0B-FF0E01943A45}.Release|Any CPU.ActiveCfg = Release|Any CPU
		{511048CF-E8E2-4804-BE0B-FF0E01943A45}.Release|Any CPU.Build.0 = Release|Any CPU
	EndGlobalSection
	GlobalSection(SolutionProperties) = preSolution
		HideSolutionNode = FALSE
	EndGlobalSection
	GlobalSection(ExtensibilityGlobals) = postSolution
		SolutionGuid = {FA8C4DF1-0393-4840-91CD-E1D3A95FAC05}
	EndGlobalSection
EndGlobal
