
Microsoft Visual Studio Solution File, Format Version 12.00
# Visual Studio 15
VisualStudioVersion = 15.0.27004.2010
MinimumVisualStudioVersion = 10.0.40219.1
Project("{FAE04EC0-301F-11D3-BF4B-00C04F79EFBC}") = "TradFriLibrary", "TradFriLibrary\TradFriLibrary.csproj", "{616F8CF2-54B5-411C-9D13-6AA6DFDDA394}"
EndProject
Project("{FAE04EC0-301F-11D3-BF4B-00C04F79EFBC}") = "TradFriGui", "TradFriGui\TradFriGui.csproj", "{511048CF-E8E2-4804-BE0B-FF0E01943A45}"
EndProject
Global
	GlobalSection(SolutionConfigurationPlatforms) = preSolution
		Debug|Any CPU = Debug|Any CPU
		Release|Any CPU = Release|Any CPU
	EndGlobalSection
	GlobalSection(ProjectConfigurationPlatforms) = postSolution
		{616F8CF2-54B5-411C-9D13-6AA6DFDDA394}.Debug|Any CPU.ActiveCfg = Debug|Any CPU
		{616F8CF2-54B5-411C-9D13-6AA6DFDDA394}.Debug|Any CPU.Build.0 = Debug|Any CPU
		{616F8CF2-54B5-411C-9D13-6AA6DFDDA394}.Release|Any CPU.ActiveCfg = Release|Any CPU
		{616F8CF2-54B5-411C-9D13-6AA6DFDDA394}.Release|Any CPU.Build.0 = Release|Any CPU
		{511048CF-E8E2-4804-BE0B-FF0E01943A45}.Debug|Any CPU.ActiveCfg = Debug|Any CPU
		{511048CF-E8E2-4804-BE0B-FF0E01943A45}.Debug|Any CPU.Build.0 = Debug|Any CPU
		{511048CF-E8E2-4804-BE0B-FF0E01943A45}.Release|Any CPU.ActiveCfg = Release|Any CPU
		{511048CF-E8E2-4804-BE0B-FF0E01943A45}.Release|Any CPU.Build.0 = Release|Any CPU
	EndGlobalSection
	GlobalSection(SolutionProperties) = preSolution
		HideSolutionNode = FALSE
	EndGlobalSection
	GlobalSection(ExtensibilityGlobals) = postSolution
		SolutionGuid = {FA8C4DF1-0393-4840-91CD-E1D3A95FAC05}
	EndGlobalSection
EndGlobal
